
Microsoft Visual Studio Solution File, Format Version 12.00
# Visual Studio Version 16
VisualStudioVersion = 16.0.34301.259
MinimumVisualStudioVersion = 10.0.40219.1
Project("{FAE04EC0-301F-11D3-BF4B-00C04F79EFBC}") = "Infrastructure and Maintaince and monitoring system", "Infrastructure and Maintaince and monitoring system\Infrastructure and Maintaince and monitoring system.csproj", "{01FE37D4-F776-49E5-B525-FD6F695AAAB6}"
EndProject
Global
	GlobalSection(SolutionConfigurationPlatforms) = preSolution
		Debug|Any CPU = Debug|Any CPU
		Release|Any CPU = Release|Any CPU
	EndGlobalSection
	GlobalSection(ProjectConfigurationPlatforms) = postSolution
		{01FE37D4-F776-49E5-B525-FD6F695AAAB6}.Debug|Any CPU.ActiveCfg = Debug|Any CPU
		{01FE37D4-F776-49E5-B525-FD6F695AAAB6}.Debug|Any CPU.Build.0 = Debug|Any CPU
		{01FE37D4-F776-49E5-B525-FD6F695AAAB6}.Release|Any CPU.ActiveCfg = Release|Any CPU
		{01FE37D4-F776-49E5-B525-FD6F695AAAB6}.Release|Any CPU.Build.0 = Release|Any CPU
	EndGlobalSection
	GlobalSection(SolutionProperties) = preSolution
		HideSolutionNode = FALSE
	EndGlobalSection
	GlobalSection(ExtensibilityGlobals) = postSolution
		SolutionGuid = {186F9BEB-F5DE-44B4-82CB-830D17FDDD77}
	EndGlobalSection
EndGlobal
